// !$*UTF8*$!
{
	archiveVersion = 1;
	classes = {
	};
	objectVersion = 50;
	objects = {

/* Begin PBXFileReference section */
		65140E0625420DD50001DE6E /* MyPlayground.playground */ = {isa = PBXFileReference; lastKnownFileType = file.playground; path = MyPlayground.playground; sourceTree = "<group>"; xcLanguageSpecificationIdentifier = xcode.lang.swift; };
/* End PBXFileReference section */

/* Begin PBXGroup section */
		65140DFF25420BEE0001DE6E = {
			isa = PBXGroup;
			children = (
				65140E0625420DD50001DE6E /* MyPlayground.playground */,
			);
			sourceTree = "<group>";
		};
/* End PBXGroup section */

/* Begin PBXProject section */
		65140E0025420BEE0001DE6E /* Project object */ = {
			isa = PBXProject;
			attributes = {
				LastUpgradeCheck = 1210;
			};
			buildConfigurationList = 65140E0325420BEE0001DE6E /* Build configuration list for PBXProject "SwiftStart" */;
			compatibilityVersion = "Xcode 9.3";
			developmentRegion = en;
			hasScannedForEncodings = 0;
			knownRegions = (
				en,
				Base,
			);
			mainGroup = 65140DFF25420BEE0001DE6E;
			projectDirPath = "";
			projectRoot = "";
			targets = (
			);
		};
/* End PBXProject section */

/* Begin XCBuildConfiguration section */
		65140E0425420BEE0001DE6E /* Debug */ = {
			isa = XCBuildConfiguration;
			buildSettings = {
			};
			name = Debug;
		};
		65140E0525420BEE0001DE6E /* Release */ = {
			isa = XCBuildConfiguration;
			buildSettings = {
			};
			name = Release;
		};
/* End XCBuildConfiguration section */

/* Begin XCConfigurationList section */
		65140E0325420BEE0001DE6E /* Build configuration list for PBXProject "SwiftStart" */ = {
			isa = XCConfigurationList;
			buildConfigurations = (
				65140E0425420BEE0001DE6E /* Debug */,
				65140E0525420BEE0001DE6E /* Release */,
			);
			defaultConfigurationIsVisible = 0;
			defaultConfigurationName = Release;
		};
/* End XCConfigurationList section */
	};
	rootObject = 65140E0025420BEE0001DE6E /* Project object */;
}
